{
  "name": "AutomatedAIpowered",
  "lockfileVersion": 3,
  "requires": true,
  "packages": {
    "": {
      "dependencies": {
        "@microsoft/m365agentsplayground": "^0.2.18"
      }
    },
    "node_modules/@microsoft/m365agentsplayground": {
      "version": "0.2.18",
      "resolved": "https://registry.npmjs.org/@microsoft/m365agentsplayground/-/m365agentsplayground-0.2.18.tgz",
      "integrity": "sha512-8okNQ+fNQPPMBW/OSIudoCApBKqKxADNFIMivUGy/eaX9v8tFIG/gFo7DLwpaCzNuc1M8oOW9Sse1mX08Dxo0A==",
      "license": "SEE LICENSE IN LICENSE",
      "bin": {
        "agentsplayground": "cli.js",
        "teamsapptester": "cli.js"
      }
    }
  }
}
